
Microsoft Visual Studio Solution File, Format Version 12.00
# Visual Studio Version 17
VisualStudioVersion = 17.9.34902.65
MinimumVisualStudioVersion = 10.0.40219.1
Project("{FAE04EC0-301F-11D3-BF4B-00C04F79EFBC}") = "Module_8.Task1", "Module_8.Task1\Module_8.Task1.csproj", "{68494F64-632C-48BC-BA91-7EFB40A61FDD}"
EndProject
Global
	GlobalSection(SolutionConfigurationPlatforms) = preSolution
		Debug|Any CPU = Debug|Any CPU
		Release|Any CPU = Release|Any CPU
	EndGlobalSection
	GlobalSection(ProjectConfigurationPlatforms) = postSolution
		{68494F64-632C-48BC-BA91-7EFB40A61FDD}.Debug|Any CPU.ActiveCfg = Debug|Any CPU
		{68494F64-632C-48BC-BA91-7EFB40A61FDD}.Debug|Any CPU.Build.0 = Debug|Any CPU
		{68494F64-632C-48BC-BA91-7EFB40A61FDD}.Release|Any CPU.ActiveCfg = Release|Any CPU
		{68494F64-632C-48BC-BA91-7EFB40A61FDD}.Release|Any CPU.Build.0 = Release|Any CPU
	EndGlobalSection
	GlobalSection(SolutionProperties) = preSolution
		HideSolutionNode = FALSE
	EndGlobalSection
	GlobalSection(ExtensibilityGlobals) = postSolution
		SolutionGuid = {CE69437A-13CC-4577-860F-8C6E1543EDA0}
	EndGlobalSection
EndGlobal
